
Microsoft Visual Studio Solution File, Format Version 12.00
# Visual Studio 15
VisualStudioVersion = 15.0.28307.102
MinimumVisualStudioVersion = 10.0.40219.1
Project("{8BC9CEB8-8B4A-11D0-8D11-00A0C91BC942}") = "Project14", "Project14\Project14.vcxproj", "{83219BD7-33F0-4DCB-9AA4-28DB9BFF9BFE}"
EndProject
Global
	GlobalSection(SolutionConfigurationPlatforms) = preSolution
		Debug|x64 = Debug|x64
		Debug|x86 = Debug|x86
		Release|x64 = Release|x64
		Release|x86 = Release|x86
	EndGlobalSection
	GlobalSection(ProjectConfigurationPlatforms) = postSolution
		{83219BD7-33F0-4DCB-9AA4-28DB9BFF9BFE}.Debug|x64.ActiveCfg = Debug|x64
		{83219BD7-33F0-4DCB-9AA4-28DB9BFF9BFE}.Debug|x64.Build.0 = Debug|x64
		{83219BD7-33F0-4DCB-9AA4-28DB9BFF9BFE}.Debug|x86.ActiveCfg = Debug|Win32
		{83219BD7-33F0-4DCB-9AA4-28DB9BFF9BFE}.Debug|x86.Build.0 = Debug|Win32
		{83219BD7-33F0-4DCB-9AA4-28DB9BFF9BFE}.Release|x64.ActiveCfg = Release|x64
		{83219BD7-33F0-4DCB-9AA4-28DB9BFF9BFE}.Release|x64.Build.0 = Release|x64
		{83219BD7-33F0-4DCB-9AA4-28DB9BFF9BFE}.Release|x86.ActiveCfg = Release|Win32
		{83219BD7-33F0-4DCB-9AA4-28DB9BFF9BFE}.Release|x86.Build.0 = Release|Win32
	EndGlobalSection
	GlobalSection(SolutionProperties) = preSolution
		HideSolutionNode = FALSE
	EndGlobalSection
	GlobalSection(ExtensibilityGlobals) = postSolution
		SolutionGuid = {1A86F67F-2739-40DE-AEF3-E9B2CE91AB60}
	EndGlobalSection
EndGlobal
